
Microsoft Visual Studio Solution File, Format Version 12.00
# Visual Studio 14
VisualStudioVersion = 14.0.23107.0
MinimumVisualStudioVersion = 10.0.40219.1
Project("{FAE04EC0-301F-11D3-BF4B-00C04F79EFBC}") = "WindowsFormsApplication", "WindowsFormsApplication\WindowsFormsApplication.csproj", "{DE60DFA8-30F7-4451-AE43-588F1D9BC1C5}"
EndProject
Global
	GlobalSection(SolutionConfigurationPlatforms) = preSolution
		Debug|Any CPU = Debug|Any CPU
		Release|Any CPU = Release|Any CPU
	EndGlobalSection
	GlobalSection(ProjectConfigurationPlatforms) = postSolution
		{DE60DFA8-30F7-4451-AE43-588F1D9BC1C5}.Debug|Any CPU.ActiveCfg = Debug|Any CPU
		{DE60DFA8-30F7-4451-AE43-588F1D9BC1C5}.Debug|Any CPU.Build.0 = Debug|Any CPU
		{DE60DFA8-30F7-4451-AE43-588F1D9BC1C5}.Release|Any CPU.ActiveCfg = Release|Any CPU
		{DE60DFA8-30F7-4451-AE43-588F1D9BC1C5}.Release|Any CPU.Build.0 = Release|Any CPU
	EndGlobalSection
	GlobalSection(SolutionProperties) = preSolution
		HideSolutionNode = FALSE
	EndGlobalSection
EndGlobal
